<?xml version="1.0" encoding="utf-8"?>
<Project ToolsVersion="4.0" xmlns="http://schemas.microsoft.com/developer/msbuild/2003">
  <ItemGroup>
    <Filter Include="Source Files">
      <UniqueIdentifier>{4FC737F1-C7A5-4376-A066-2A32D752A2FF}</UniqueIdentifier>
      <Extensions>cpp;c;cc;cxx;def;odl;idl;hpj;bat;asm;asmx</Extensions>
    </Filter>
    <Filter Include="Header Files">
      <UniqueIdentifier>{93995380-89BD-4b04-88EB-625FBE52EBFB}</UniqueIdentifier>
      <Extensions>h;hh;hpp;hxx;hm;inl;inc;xsd</Extensions>
    </Filter>
    <Filter Include="Resource Files">
      <UniqueIdentifier>{67DA6AB6-F800-4c08-8B7A-83BB121AAD01}</UniqueIdentifier>
      <Extensions>rc;ico;cur;bmp;dlg;rc2;rct;bin;rgs;gif;jpg;jpeg;jpe;resx;tiff;tif;png;wav;mfcribbon-ms</Extensions>
    </Filter>
    <Filter Include="Header Files\SDK">
      <UniqueIdentifier>{a57f98b7-c9c8-486d-9870-95bf815f06e3}</UniqueIdentifier>
    </Filter>
    <Filter Include="Header Files\SDK\Interfaces">
      <UniqueIdentifier>{02b9d92a-dfad-4d94-985d-187bc930ac40}</UniqueIdentifier>
    </Filter>
    <Filter Include="Header Files\SDK\Classes / Structs">
      <UniqueIdentifier>{cdbfe927-0bc9-4f7d-b580-a42955611987}</UniqueIdentifier>
    </Filter>
    <Filter Include="Source Files\SDK">
      <UniqueIdentifier>{ce88bc09-a6e0-4414-a8cb-e3571c641873}</UniqueIdentifier>
    </Filter>
    <Filter Include="Source Files\SDK\Classes / Structs">
      <UniqueIdentifier>{02eddceb-75dc-4c13-b53d-232a06990113}</UniqueIdentifier>
    </Filter>
    <Filter Include="Source Files\SDK\Interfaces">
      <UniqueIdentifier>{ca40954e-d54a-4a12-907e-72cc6f4e18e4}</UniqueIdentifier>
    </Filter>
    <Filter Include="Source Files\SDK\Hooks">
      <UniqueIdentifier>{f5d323da-f753-4a8a-aa1f-462f85af82b6}</UniqueIdentifier>
    </Filter>
    <Filter Include="Source Files\Components">
      <UniqueIdentifier>{410a47ce-abc6-4468-a2f1-b5ad510a052f}</UniqueIdentifier>
    </Filter>
    <Filter Include="Header Files\Components">
      <UniqueIdentifier>{8b74c705-c4ae-4d01-9563-11a4f4eba0e9}</UniqueIdentifier>
    </Filter>
    <Filter Include="Source Files\Helper">
      <UniqueIdentifier>{9ebaa476-21c5-4912-80f9-624787bdddc5}</UniqueIdentifier>
    </Filter>
    <Filter Include="Header Files\Helper">
      <UniqueIdentifier>{4a5e6cc1-5202-467b-ab26-ccbfd80b2d1f}</UniqueIdentifier>
    </Filter>
    <Filter Include="Source Files\Basics">
      <UniqueIdentifier>{d8b2285d-63e6-46e6-b759-965f192d123e}</UniqueIdentifier>
    </Filter>
    <Filter Include="Header Files\Basics">
      <UniqueIdentifier>{9ab85405-deca-4866-8f99-d2d618b3bba1}</UniqueIdentifier>
    </Filter>
    <Filter Include="ImGui">
      <UniqueIdentifier>{ed2bdd03-4d46-460f-b888-5ca1da6814bf}</UniqueIdentifier>
    </Filter>
  </ItemGroup>
  <ItemGroup>
    <ClInclude Include="CHLClient.h">
      <Filter>Header Files\SDK\Interfaces</Filter>
    </ClInclude>
    <ClInclude Include="GameMovement.h">
      <Filter>Header Files\SDK\Interfaces</Filter>
    </ClInclude>
    <ClInclude Include="IBaseClientDLL.h">
      <Filter>Header Files\SDK\Interfaces</Filter>
    </ClInclude>
    <ClInclude Include="IClientEntityList.h">
      <Filter>Header Files\SDK\Interfaces</Filter>
    </ClInclude>
    <ClInclude Include="IClientModeShared.h">
      <Filter>Header Files\SDK\Interfaces</Filter>
    </ClInclude>
    <ClInclude Include="ICvar.h">
      <Filter>Header Files\SDK\Interfaces</Filter>
    </ClInclude>
    <ClInclude Include="IEngineClient.h">
      <Filter>Header Files\SDK\Interfaces</Filter>
    </ClInclude>
    <ClInclude Include="IEngineTrace.h">
      <Filter>Header Files\SDK\Interfaces</Filter>
    </ClInclude>
    <ClInclude Include="IGlobalVarsBase.h">
      <Filter>Header Files\SDK\Interfaces</Filter>
    </ClInclude>
    <ClInclude Include="IInputSystem.h">
      <Filter>Header Files\SDK\Interfaces</Filter>
    </ClInclude>
    <ClInclude Include="IMaterial.h">
      <Filter>Header Files\SDK\Interfaces</Filter>
    </ClInclude>
    <ClInclude Include="IMaterialSystem.h">
      <Filter>Header Files\SDK\Interfaces</Filter>
    </ClInclude>
    <ClInclude Include="IMDLCache.h">
      <Filter>Header Files\SDK\Interfaces</Filter>
    </ClInclude>
    <ClInclude Include="IMoveHelper.h">
      <Filter>Header Files\SDK\Interfaces</Filter>
    </ClInclude>
    <ClInclude Include="Input.h">
      <Filter>Header Files\SDK\Interfaces</Filter>
    </ClInclude>
    <ClInclude Include="IPrediction.h">
      <Filter>Header Files\SDK\Interfaces</Filter>
    </ClInclude>
    <ClInclude Include="IRenderView.h">
      <Filter>Header Files\SDK\Interfaces</Filter>
    </ClInclude>
    <ClInclude Include="IStudioRender.h">
      <Filter>Header Files\SDK\Interfaces</Filter>
    </ClInclude>
    <ClInclude Include="ISurface.h">
      <Filter>Header Files\SDK\Interfaces</Filter>
    </ClInclude>
    <ClInclude Include="IVDebugOverlay.h">
      <Filter>Header Files\SDK\Interfaces</Filter>
    </ClInclude>
    <ClInclude Include="IVModelInfo.h">
      <Filter>Header Files\SDK\Interfaces</Filter>
    </ClInclude>
    <ClInclude Include="IVModelRender.h">
      <Filter>Header Files\SDK\Interfaces</Filter>
    </ClInclude>
    <ClInclude Include="IVPanel.h">
      <Filter>Header Files\SDK\Interfaces</Filter>
    </ClInclude>
    <ClInclude Include="VEngineEffects.h">
      <Filter>Header Files\SDK\Interfaces</Filter>
    </ClInclude>
    <ClInclude Include="VPhysics.h">
      <Filter>Header Files\SDK\Interfaces</Filter>
    </ClInclude>
    <ClInclude Include="Trace.h">
      <Filter>Header Files\SDK\Classes / Structs</Filter>
    </ClInclude>
    <ClInclude Include="GlowManager.h">
      <Filter>Header Files\SDK\Classes / Structs</Filter>
    </ClInclude>
    <ClInclude Include="ConVar.h">
      <Filter>Header Files\SDK\Classes / Structs</Filter>
    </ClInclude>
    <ClInclude Include="Interfaces.h">
      <Filter>Header Files\SDK</Filter>
    </ClInclude>
    <ClInclude Include="Vector.h">
      <Filter>Header Files\SDK\Classes / Structs</Filter>
    </ClInclude>
    <ClInclude Include="QAngle.h">
      <Filter>Header Files\SDK\Classes / Structs</Filter>
    </ClInclude>
    <ClInclude Include="Structs.h">
      <Filter>Header Files\SDK</Filter>
    </ClInclude>
    <ClInclude Include="ClientClass.h">
      <Filter>Header Files\SDK\Classes / Structs</Filter>
    </ClInclude>
    <ClInclude Include="SurfaceData.h">
      <Filter>Header Files\SDK\Classes / Structs</Filter>
    </ClInclude>
    <ClInclude Include="Matrix3x4_t.h">
      <Filter>Header Files\SDK\Classes / Structs</Filter>
    </ClInclude>
    <ClInclude Include="Checksum_Md5.h">
      <Filter>Header Files\SDK</Filter>
    </ClInclude>
    <ClInclude Include="KeyValues.h">
      <Filter>Header Files\SDK\Classes / Structs</Filter>
    </ClInclude>
    <ClInclude Include="WeaponInfo.h">
      <Filter>Header Files\SDK\Classes / Structs</Filter>
    </ClInclude>
    <ClInclude Include="Color.h">
      <Filter>Header Files\SDK\Classes / Structs</Filter>
    </ClInclude>
    <ClInclude Include="ViewSetup.h">
      <Filter>Header Files\SDK\Classes / Structs</Filter>
    </ClInclude>
    <ClInclude Include="Font.h">
      <Filter>Header Files\SDK\Classes / Structs</Filter>
    </ClInclude>
    <ClInclude Include="BaseHandle.h">
      <Filter>Header Files\SDK\Classes / Structs</Filter>
    </ClInclude>
    <ClInclude Include="UserCmd.h">
      <Filter>Header Files\SDK\Classes / Structs</Filter>
    </ClInclude>
    <ClInclude Include="RenderStuff.h">
      <Filter>Header Files\SDK\Classes / Structs</Filter>
    </ClInclude>
    <ClInclude Include="HudChat.h">
      <Filter>Header Files\SDK\Classes / Structs</Filter>
    </ClInclude>
    <ClInclude Include="IEntity.h">
      <Filter>Header Files\SDK\Classes / Structs</Filter>
    </ClInclude>
    <ClInclude Include="CEntity.h">
      <Filter>Header Files\SDK\Classes / Structs</Filter>
    </ClInclude>
    <ClInclude Include="ModelInfo.h">
      <Filter>Header Files\SDK\Classes / Structs</Filter>
    </ClInclude>
    <ClInclude Include="SDK.h">
      <Filter>Header Files\SDK</Filter>
    </ClInclude>
    <ClInclude Include="Util.h">
      <Filter>Header Files\Basics</Filter>
    </ClInclude>
    <ClInclude Include="Common.h">
      <Filter>Header Files\Basics</Filter>
    </ClInclude>
    <ClInclude Include="NetvarManager.h">
      <Filter>Header Files\Basics</Filter>
    </ClInclude>
    <ClInclude Include="Math.h">
      <Filter>Header Files\Basics</Filter>
    </ClInclude>
    <ClInclude Include="Global.h">
      <Filter>Header Files</Filter>
    </ClInclude>
    <ClInclude Include="Hooks.h">
      <Filter>Header Files</Filter>
    </ClInclude>
    <ClInclude Include="Config.h">
      <Filter>Header Files\Basics</Filter>
    </ClInclude>
    <ClInclude Include="Aimbot.h">
      <Filter>Header Files\Components</Filter>
    </ClInclude>
    <ClInclude Include="Miscellaneous.h">
      <Filter>Header Files\Components</Filter>
    </ClInclude>
    <ClInclude Include="Visuals.h">
      <Filter>Header Files\Components</Filter>
    </ClInclude>
    <ClInclude Include="DefEnums.h">
      <Filter>Header Files\SDK</Filter>
    </ClInclude>
    <ClInclude Include="DrawManager.h">
      <Filter>Header Files\Helper</Filter>
    </ClInclude>
    <ClInclude Include="Autowall.h">
      <Filter>Header Files\Helper</Filter>
    </ClInclude>
    <ClInclude Include="CHook.h">
      <Filter>Header Files</Filter>
    </ClInclude>
    <ClInclude Include="BaseEntityList.h">
      <Filter>Header Files\SDK\Classes / Structs</Filter>
    </ClInclude>
    <ClInclude Include="CUtlVector.h">
      <Filter>Header Files\SDK\Classes / Structs</Filter>
    </ClInclude>
    <ClInclude Include="Resolver.h">
      <Filter>Header Files\Helper</Filter>
    </ClInclude>
    <ClInclude Include="Lagcompensation.h">
      <Filter>Header Files\Helper</Filter>
    </ClInclude>
    <ClInclude Include="Backtracking.h">
      <Filter>Header Files\Helper</Filter>
    </ClInclude>
    <ClInclude Include="Offsets.h">
      <Filter>Header Files</Filter>
    </ClInclude>
    <ClInclude Include="Prediction.h">
      <Filter>Header Files\Helper</Filter>
    </ClInclude>
    <ClInclude Include="GrenadePrediction.h">
      <Filter>Header Files\Helper</Filter>
    </ClInclude>
    <ClInclude Include="Antiaim.h">
      <Filter>Header Files\Helper</Filter>
    </ClInclude>
    <ClInclude Include="INetChannelInfo.h">
      <Filter>Header Files\SDK\Interfaces</Filter>
    </ClInclude>
    <ClInclude Include="imgui\imconfig.h">
      <Filter>ImGui</Filter>
    </ClInclude>
    <ClInclude Include="imgui\imgui.h">
      <Filter>ImGui</Filter>
    </ClInclude>
    <ClInclude Include="imgui\imgui_internal.h">
      <Filter>ImGui</Filter>
    </ClInclude>
    <ClInclude Include="imgui\stb_rect_pack.h">
      <Filter>ImGui</Filter>
    </ClInclude>
    <ClInclude Include="imgui\stb_textedit.h">
      <Filter>ImGui</Filter>
    </ClInclude>
    <ClInclude Include="imgui\stb_truetype.h">
      <Filter>ImGui</Filter>
    </ClInclude>
    <ClInclude Include="imgui\dx9\imgui_dx9.h">
      <Filter>ImGui</Filter>
    </ClInclude>
    <ClInclude Include="MENU.h">
      <Filter>Source Files\SDK\Hooks</Filter>
    </ClInclude>
    <ClInclude Include="ConfigLoader.h">
      <Filter>Header Files</Filter>
    </ClInclude>
    <ClInclude Include="csgo-sdk.h">
      <Filter>Header Files</Filter>
    </ClInclude>
  </ItemGroup>
  <ItemGroup>
    <ClCompile Include="Util.cpp">
      <Filter>Source Files\Basics</Filter>
    </ClCompile>
    <ClCompile Include="NetvarManager.cpp">
      <Filter>Source Files\Basics</Filter>
    </ClCompile>
    <ClCompile Include="IBaseClientDLL.cpp">
      <Filter>Source Files\SDK\Interfaces</Filter>
    </ClCompile>
    <ClCompile Include="IPhysicsSurfaceProps.cpp">
      <Filter>Source Files\SDK\Interfaces</Filter>
    </ClCompile>
    <ClCompile Include="IPrediction.cpp">
      <Filter>Source Files\SDK\Interfaces</Filter>
    </ClCompile>
    <ClCompile Include="ISurface.cpp">
      <Filter>Source Files\SDK\Interfaces</Filter>
    </ClCompile>
    <ClCompile Include="IVModelRender.cpp">
      <Filter>Source Files\SDK\Interfaces</Filter>
    </ClCompile>
    <ClCompile Include="IVPanel.cpp">
      <Filter>Source Files\SDK\Interfaces</Filter>
    </ClCompile>
    <ClCompile Include="IInputSystem.cpp">
      <Filter>Source Files\SDK\Interfaces</Filter>
    </ClCompile>
    <ClCompile Include="IMaterialSystem.cpp">
      <Filter>Source Files\SDK\Interfaces</Filter>
    </ClCompile>
    <ClCompile Include="CEntity.cpp">
      <Filter>Source Files\SDK\Classes / Structs</Filter>
    </ClCompile>
    <ClCompile Include="Math.cpp">
      <Filter>Source Files\Basics</Filter>
    </ClCompile>
    <ClCompile Include="Global.cpp">
      <Filter>Source Files</Filter>
    </ClCompile>
    <ClCompile Include="Checksum_Md5.cpp">
      <Filter>Source Files\SDK</Filter>
    </ClCompile>
    <ClCompile Include="Interfaces.cpp">
      <Filter>Source Files\SDK</Filter>
    </ClCompile>
    <ClCompile Include="CreateMove.cpp">
      <Filter>Source Files\SDK\Hooks</Filter>
    </ClCompile>
    <ClCompile Include="Trace.cpp">
      <Filter>Source Files\SDK\Classes / Structs</Filter>
    </ClCompile>
    <ClCompile Include="TraceRay.cpp">
      <Filter>Source Files\SDK\Hooks</Filter>
    </ClCompile>
    <ClCompile Include="OverrideView.cpp">
      <Filter>Source Files\SDK\Hooks</Filter>
    </ClCompile>
    <ClCompile Include="FrameStageNotify.cpp">
      <Filter>Source Files\SDK\Hooks</Filter>
    </ClCompile>
    <ClCompile Include="Reset.cpp">
      <Filter>Source Files\SDK\Hooks</Filter>
    </ClCompile>
    <ClCompile Include="WndProc.cpp">
      <Filter>Source Files\SDK\Hooks</Filter>
    </ClCompile>
    <ClCompile Include="PaintTraverse.cpp">
      <Filter>Source Files\SDK\Hooks</Filter>
    </ClCompile>
    <ClCompile Include="RunCommand.cpp">
      <Filter>Source Files\SDK\Hooks</Filter>
    </ClCompile>
    <ClCompile Include="Aimbot.cpp">
      <Filter>Source Files\Components</Filter>
    </ClCompile>
    <ClCompile Include="Miscellaneous.cpp">
      <Filter>Source Files\Components</Filter>
    </ClCompile>
    <ClCompile Include="Visuals.cpp">
      <Filter>Source Files\Components</Filter>
    </ClCompile>
    <ClCompile Include="Autowall.cpp">
      <Filter>Source Files\Helper</Filter>
    </ClCompile>
    <ClCompile Include="DrawManager.cpp">
      <Filter>Source Files\Helper</Filter>
    </ClCompile>
    <ClCompile Include="Config.cpp">
      <Filter>Source Files\Basics</Filter>
    </ClCompile>
    <ClCompile Include="CHook.cpp">
      <Filter>Source Files</Filter>
    </ClCompile>
    <ClCompile Include="Present.cpp">
      <Filter>Source Files\SDK\Hooks</Filter>
    </ClCompile>
    <ClCompile Include="Backtracking.cpp">
      <Filter>Source Files\Helper</Filter>
    </ClCompile>
    <ClCompile Include="Resolver.cpp">
      <Filter>Source Files\Helper</Filter>
    </ClCompile>
    <ClCompile Include="Lagcompensation.cpp">
      <Filter>Source Files\Helper</Filter>
    </ClCompile>
    <ClCompile Include="Proxies.cpp">
      <Filter>Source Files\SDK\Hooks</Filter>
    </ClCompile>
    <ClCompile Include="Offsets.cpp">
      <Filter>Source Files</Filter>
    </ClCompile>
    <ClCompile Include="Prediction.cpp">
      <Filter>Source Files\Helper</Filter>
    </ClCompile>
    <ClCompile Include="EndScene.cpp">
      <Filter>Source Files\SDK\Hooks</Filter>
    </ClCompile>
    <ClCompile Include="GrenadePrediction.cpp">
      <Filter>Source Files\Helper</Filter>
    </ClCompile>
    <ClCompile Include="Antiaim.cpp">
      <Filter>Source Files\Helper</Filter>
    </ClCompile>
    <ClCompile Include="imgui\imgui.cpp">
      <Filter>ImGui</Filter>
    </ClCompile>
    <ClCompile Include="imgui\imgui_colorpicker.cpp">
      <Filter>ImGui</Filter>
    </ClCompile>
    <ClCompile Include="imgui\imgui_demo.cpp">
      <Filter>ImGui</Filter>
    </ClCompile>
    <ClCompile Include="imgui\imgui_draw.cpp">
      <Filter>ImGui</Filter>
    </ClCompile>
    <ClCompile Include="imgui\imgui_tablabel.cpp">
      <Filter>ImGui</Filter>
    </ClCompile>
    <ClCompile Include="imgui\dx9\imgui_dx9.cpp">
      <Filter>ImGui</Filter>
    </ClCompile>
    <ClCompile Include="ConfigLoader.cpp">
      <Filter>Source Files</Filter>
    </ClCompile>
    <ClCompile Include="ConVar.cpp">
      <Filter>Source Files\SDK\Classes / Structs</Filter>
    </ClCompile>
    <ClCompile Include="csgo-sdk.cpp">
      <Filter>Source Files</Filter>
    </ClCompile>
  </ItemGroup>
</Project>